
Microsoft Visual Studio Solution File, Format Version 12.00
# Visual Studio Version 17
VisualStudioVersion = 17.11.35303.130
MinimumVisualStudioVersion = 10.0.40219.1
Project("{FAE04EC0-301F-11D3-BF4B-00C04F79EFBC}") = "OnatrixCMS", "OnatrixCMS\OnatrixCMS.csproj", "{E1AF2F8E-3819-43AA-9D4D-822358A077CB}"
EndProject
Global
	GlobalSection(SolutionConfigurationPlatforms) = preSolution
		Debug|Any CPU = Debug|Any CPU
		Release|Any CPU = Release|Any CPU
	EndGlobalSection
	GlobalSection(ProjectConfigurationPlatforms) = postSolution
		{E1AF2F8E-3819-43AA-9D4D-822358A077CB}.Debug|Any CPU.ActiveCfg = Debug|Any CPU
		{E1AF2F8E-3819-43AA-9D4D-822358A077CB}.Debug|Any CPU.Build.0 = Debug|Any CPU
		{E1AF2F8E-3819-43AA-9D4D-822358A077CB}.Release|Any CPU.ActiveCfg = Release|Any CPU
		{E1AF2F8E-3819-43AA-9D4D-822358A077CB}.Release|Any CPU.Build.0 = Release|Any CPU
	EndGlobalSection
	GlobalSection(SolutionProperties) = preSolution
		HideSolutionNode = FALSE
	EndGlobalSection
	GlobalSection(ExtensibilityGlobals) = postSolution
		SolutionGuid = {DFD11C9B-8F7E-4619-94A1-FCF02DCF4655}
	EndGlobalSection
EndGlobal
